// !$*UTF8*$!
{
	archiveVersion = 1;
	classes = {
	};
	objectVersion = 46;
	objects = {

/* Begin PBXBuildFile section */
		68516F8D1D385AA800B30174 /* Zackery Wilson - SELECT Tech Samba [Chrono Trigger]_169740465_soundcloud.mp3 in Resources */ = {isa = PBXBuildFile; fileRef = 68516F8C1D385AA800B30174 /* Zackery Wilson - SELECT Tech Samba [Chrono Trigger]_169740465_soundcloud.mp3 */; };
		6861DDA71D1C8E4600E8E4D8 /* AppDelegate.swift in Sources */ = {isa = PBXBuildFile; fileRef = 6861DDA61D1C8E4600E8E4D8 /* AppDelegate.swift */; };
		6861DDAC1D1C8E4600E8E4D8 /* Main.storyboard in Resources */ = {isa = PBXBuildFile; fileRef = 6861DDAA1D1C8E4600E8E4D8 /* Main.storyboard */; };
		6861DDAE1D1C8E4600E8E4D8 /* Assets.xcassets in Resources */ = {isa = PBXBuildFile; fileRef = 6861DDAD1D1C8E4600E8E4D8 /* Assets.xcassets */; };
		6861DDB11D1C8E4700E8E4D8 /* LaunchScreen.storyboard in Resources */ = {isa = PBXBuildFile; fileRef = 6861DDAF1D1C8E4700E8E4D8 /* LaunchScreen.storyboard */; };
		6861DDB91D1C8EC600E8E4D8 /* MenuViewController.swift in Sources */ = {isa = PBXBuildFile; fileRef = 6861DDB81D1C8EC600E8E4D8 /* MenuViewController.swift */; };
		686CC0041D1CBD4D00872043 /* About.png in Resources */ = {isa = PBXBuildFile; fileRef = 686CBFF91D1CBD4D00872043 /* About.png */; };
		686CC0051D1CBD4D00872043 /* background.png in Resources */ = {isa = PBXBuildFile; fileRef = 686CBFFA1D1CBD4D00872043 /* background.png */; };
		686CC0061D1CBD4D00872043 /* confetti.png in Resources */ = {isa = PBXBuildFile; fileRef = 686CBFFB1D1CBD4D00872043 /* confetti.png */; };
		686CC0071D1CBD4D00872043 /* fb.png in Resources */ = {isa = PBXBuildFile; fileRef = 686CBFFC1D1CBD4D00872043 /* fb.png */; };
		686CC0081D1CBD4D00872043 /* Glasses.png in Resources */ = {isa = PBXBuildFile; fileRef = 686CBFFD1D1CBD4D00872043 /* Glasses.png */; };
		686CC0091D1CBD4D00872043 /* Hearts.png in Resources */ = {isa = PBXBuildFile; fileRef = 686CBFFE1D1CBD4D00872043 /* Hearts.png */; };
		686CC00A1D1CBD4D00872043 /* HighScore.png in Resources */ = {isa = PBXBuildFile; fileRef = 686CBFFF1D1CBD4D00872043 /* HighScore.png */; };
		686CC00B1D1CBD4D00872043 /* Play.png in Resources */ = {isa = PBXBuildFile; fileRef = 686CC0001D1CBD4D00872043 /* Play.png */; };
		686CC00C1D1CBD4D00872043 /* Settings.png in Resources */ = {isa = PBXBuildFile; fileRef = 686CC0011D1CBD4D00872043 /* Settings.png */; };
		686CC00D1D1CBD4D00872043 /* Title.png in Resources */ = {isa = PBXBuildFile; fileRef = 686CC0021D1CBD4D00872043 /* Title.png */; };
		686CC00E1D1CBD4D00872043 /* Twiiter.png in Resources */ = {isa = PBXBuildFile; fileRef = 686CC0031D1CBD4D00872043 /* Twiiter.png */; };
		686CC0311D1CBD7400872043 /* c1.png in Resources */ = {isa = PBXBuildFile; fileRef = 686CC0101D1CBD7400872043 /* c1.png */; };
		686CC0321D1CBD7400872043 /* c2.png in Resources */ = {isa = PBXBuildFile; fileRef = 686CC0111D1CBD7400872043 /* c2.png */; };
		686CC0331D1CBD7400872043 /* c3.png in Resources */ = {isa = PBXBuildFile; fileRef = 686CC0121D1CBD7400872043 /* c3.png */; };
		686CC0341D1CBD7400872043 /* c4.png in Resources */ = {isa = PBXBuildFile; fileRef = 686CC0131D1CBD7400872043 /* c4.png */; };
		686CC0351D1CBD7400872043 /* c5.png in Resources */ = {isa = PBXBuildFile; fileRef = 686CC0141D1CBD7400872043 /* c5.png */; };
		686CC0361D1CBD7400872043 /* c6.png in Resources */ = {isa = PBXBuildFile; fileRef = 686CC0151D1CBD7400872043 /* c6.png */; };
		686CC0371D1CBD7400872043 /* c7.png in Resources */ = {isa = PBXBuildFile; fileRef = 686CC0161D1CBD7400872043 /* c7.png */; };
		686CC0381D1CBD7400872043 /* c8.png in Resources */ = {isa = PBXBuildFile; fileRef = 686CC0171D1CBD7400872043 /* c8.png */; };
		686CC0391D1CBD7400872043 /* c9.png in Resources */ = {isa = PBXBuildFile; fileRef = 686CC0181D1CBD7400872043 /* c9.png */; };
		686CC03A1D1CBD7400872043 /* c10.png in Resources */ = {isa = PBXBuildFile; fileRef = 686CC0191D1CBD7400872043 /* c10.png */; };
		686CC03B1D1CBD7400872043 /* c11.png in Resources */ = {isa = PBXBuildFile; fileRef = 686CC01A1D1CBD7400872043 /* c11.png */; };
		686CC03C1D1CBD7400872043 /* c12.png in Resources */ = {isa = PBXBuildFile; fileRef = 686CC01B1D1CBD7400872043 /* c12.png */; };
		686CC03D1D1CBD7400872043 /* c13.png in Resources */ = {isa = PBXBuildFile; fileRef = 686CC01C1D1CBD7400872043 /* c13.png */; };
		686CC03E1D1CBD7400872043 /* c14.png in Resources */ = {isa = PBXBuildFile; fileRef = 686CC01D1D1CBD7400872043 /* c14.png */; };
		686CC03F1D1CBD7400872043 /* c15.png in Resources */ = {isa = PBXBuildFile; fileRef = 686CC01E1D1CBD7400872043 /* c15.png */; };
		686CC0401D1CBD7400872043 /* c16.png in Resources */ = {isa = PBXBuildFile; fileRef = 686CC01F1D1CBD7400872043 /* c16.png */; };
		686CC0411D1CBD7400872043 /* c17.png in Resources */ = {isa = PBXBuildFile; fileRef = 686CC0201D1CBD7400872043 /* c17.png */; };
		686CC0421D1CBD7400872043 /* c18.png in Resources */ = {isa = PBXBuildFile; fileRef = 686CC0211D1CBD7400872043 /* c18.png */; };
		686CC0431D1CBD7400872043 /* c19.png in Resources */ = {isa = PBXBuildFile; fileRef = 686CC0221D1CBD7400872043 /* c19.png */; };
		686CC0441D1CBD7400872043 /* c20.png in Resources */ = {isa = PBXBuildFile; fileRef = 686CC0231D1CBD7400872043 /* c20.png */; };
		686CC0451D1CBD7400872043 /* c21.png in Resources */ = {isa = PBXBuildFile; fileRef = 686CC0241D1CBD7400872043 /* c21.png */; };
		686CC0461D1CBD7400872043 /* c22.png in Resources */ = {isa = PBXBuildFile; fileRef = 686CC0251D1CBD7400872043 /* c22.png */; };
		686CC0471D1CBD7400872043 /* c23.png in Resources */ = {isa = PBXBuildFile; fileRef = 686CC0261D1CBD7400872043 /* c23.png */; };
		686CC0481D1CBD7400872043 /* c24.png in Resources */ = {isa = PBXBuildFile; fileRef = 686CC0271D1CBD7400872043 /* c24.png */; };
		686CC0491D1CBD7400872043 /* c25.png in Resources */ = {isa = PBXBuildFile; fileRef = 686CC0281D1CBD7400872043 /* c25.png */; };
		686CC04A1D1CBD7400872043 /* c26.png in Resources */ = {isa = PBXBuildFile; fileRef = 686CC0291D1CBD7400872043 /* c26.png */; };
		686CC04B1D1CBD7400872043 /* c27.png in Resources */ = {isa = PBXBuildFile; fileRef = 686CC02A1D1CBD7400872043 /* c27.png */; };
		686CC04C1D1CBD7400872043 /* c28.png in Resources */ = {isa = PBXBuildFile; fileRef = 686CC02B1D1CBD7400872043 /* c28.png */; };
		686CC04D1D1CBD7400872043 /* c29.png in Resources */ = {isa = PBXBuildFile; fileRef = 686CC02C1D1CBD7400872043 /* c29.png */; };
		686CC04E1D1CBD7400872043 /* c30.png in Resources */ = {isa = PBXBuildFile; fileRef = 686CC02D1D1CBD7400872043 /* c30.png */; };
		686CC04F1D1CBD7400872043 /* c31.png in Resources */ = {isa = PBXBuildFile; fileRef = 686CC02E1D1CBD7400872043 /* c31.png */; };
		686CC0501D1CBD7400872043 /* c32.png in Resources */ = {isa = PBXBuildFile; fileRef = 686CC02F1D1CBD7400872043 /* c32.png */; };
		686CC0511D1CBD7400872043 /* c33.png in Resources */ = {isa = PBXBuildFile; fileRef = 686CC0301D1CBD7400872043 /* c33.png */; };
		8BA1269C1D24A8410018945E /* BackButton.png in Resources */ = {isa = PBXBuildFile; fileRef = 8BA1269B1D24A8410018945E /* BackButton.png */; };
		8BF607241D2838FC00058600 /* FinalBackground.png in Resources */ = {isa = PBXBuildFile; fileRef = 8BF607231D2838FC00058600 /* FinalBackground.png */; };
		8BF607261D283B1E00058600 /* Zackery Wilson - RIGHT Off The Bat(tle) [Final Fantasy IV]_165634314_soundcloud.mp3 in Resources */ = {isa = PBXBuildFile; fileRef = 8BF607251D283B1E00058600 /* Zackery Wilson - RIGHT Off The Bat(tle) [Final Fantasy IV]_165634314_soundcloud.mp3 */; };
		A02417921D26F0280023F4A8 /* AudioManager.swift in Sources */ = {isa = PBXBuildFile; fileRef = A02417911D26F0280023F4A8 /* AudioManager.swift */; };
		A09A496C1D236E3B002E8E4A /* settingsButton.png in Resources */ = {isa = PBXBuildFile; fileRef = A09A49691D236E3B002E8E4A /* settingsButton.png */; };
		A09A496D1D236E3B002E8E4A /* aboutButton.png in Resources */ = {isa = PBXBuildFile; fileRef = A09A496A1D236E3B002E8E4A /* aboutButton.png */; };
		A09A496E1D236E3B002E8E4A /* playButton.png in Resources */ = {isa = PBXBuildFile; fileRef = A09A496B1D236E3B002E8E4A /* playButton.png */; };
		A09D55261D1F9A3A002064A3 /* AboutViewController.swift in Sources */ = {isa = PBXBuildFile; fileRef = A09D55231D1F9A3A002064A3 /* AboutViewController.swift */; };
		A09D55271D1F9A3A002064A3 /* PlayViewController.swift in Sources */ = {isa = PBXBuildFile; fileRef = A09D55241D1F9A3A002064A3 /* PlayViewController.swift */; };
		A09D55281D1F9A3A002064A3 /* SettingsViewController.swift in Sources */ = {isa = PBXBuildFile; fileRef = A09D55251D1F9A3A002064A3 /* SettingsViewController.swift */; };
		A0B09E601D270FE8009AD37E /* SplashScreenViewController.swift in Sources */ = {isa = PBXBuildFile; fileRef = A0B09E5F1D270FE8009AD37E /* SplashScreenViewController.swift */; };
		A0F2D71A1D31B93F00B59CCE /* GameScene.swift in Sources */ = {isa = PBXBuildFile; fileRef = A0F2D7191D31B93F00B59CCE /* GameScene.swift */; };
		A0F2D71E1D31BBEC00B59CCE /* GameScene.sks in Resources */ = {isa = PBXBuildFile; fileRef = A0F2D71D1D31BBEC00B59CCE /* GameScene.sks */; };
/* End PBXBuildFile section */

/* Begin PBXFileReference section */
		68516F8C1D385AA800B30174 /* Zackery Wilson - SELECT Tech Samba [Chrono Trigger]_169740465_soundcloud.mp3 */ = {isa = PBXFileReference; lastKnownFileType = audio.mp3; path = "Zackery Wilson - SELECT Tech Samba [Chrono Trigger]_169740465_soundcloud.mp3"; sourceTree = "<group>"; };
		6861DDA31D1C8E4600E8E4D8 /* High Five Fever.app */ = {isa = PBXFileReference; explicitFileType = wrapper.application; includeInIndex = 0; path = "High Five Fever.app"; sourceTree = BUILT_PRODUCTS_DIR; };
		6861DDA61D1C8E4600E8E4D8 /* AppDelegate.swift */ = {isa = PBXFileReference; lastKnownFileType = sourcecode.swift; path = AppDelegate.swift; sourceTree = "<group>"; };
		6861DDAB1D1C8E4600E8E4D8 /* Base */ = {isa = PBXFileReference; lastKnownFileType = file.storyboard; name = Base; path = Base.lproj/Main.storyboard; sourceTree = "<group>"; };
		6861DDAD1D1C8E4600E8E4D8 /* Assets.xcassets */ = {isa = PBXFileReference; lastKnownFileType = folder.assetcatalog; path = Assets.xcassets; sourceTree = "<group>"; };
		6861DDB01D1C8E4700E8E4D8 /* Base */ = {isa = PBXFileReference; lastKnownFileType = file.storyboard; name = Base; path = Base.lproj/LaunchScreen.storyboard; sourceTree = "<group>"; };
		6861DDB21D1C8E4700E8E4D8 /* Info.plist */ = {isa = PBXFileReference; lastKnownFileType = text.plist.xml; path = Info.plist; sourceTree = "<group>"; };
		6861DDB81D1C8EC600E8E4D8 /* MenuViewController.swift */ = {isa = PBXFileReference; fileEncoding = 4; lastKnownFileType = sourcecode.swift; path = MenuViewController.swift; sourceTree = "<group>"; };
		686CBFF91D1CBD4D00872043 /* About.png */ = {isa = PBXFileReference; lastKnownFileType = image.png; path = About.png; sourceTree = "<group>"; };
		686CBFFA1D1CBD4D00872043 /* background.png */ = {isa = PBXFileReference; lastKnownFileType = image.png; path = background.png; sourceTree = "<group>"; };
		686CBFFB1D1CBD4D00872043 /* confetti.png */ = {isa = PBXFileReference; lastKnownFileType = image.png; path = confetti.png; sourceTree = "<group>"; };
		686CBFFC1D1CBD4D00872043 /* fb.png */ = {isa = PBXFileReference; lastKnownFileType = image.png; path = fb.png; sourceTree = "<group>"; };
		686CBFFD1D1CBD4D00872043 /* Glasses.png */ = {isa = PBXFileReference; lastKnownFileType = image.png; path = Glasses.png; sourceTree = "<group>"; };
		686CBFFE1D1CBD4D00872043 /* Hearts.png */ = {isa = PBXFileReference; lastKnownFileType = image.png; path = Hearts.png; sourceTree = "<group>"; };
		686CBFFF1D1CBD4D00872043 /* HighScore.png */ = {isa = PBXFileReference; lastKnownFileType = image.png; path = HighScore.png; sourceTree = "<group>"; };
		686CC0001D1CBD4D00872043 /* Play.png */ = {isa = PBXFileReference; lastKnownFileType = image.png; path = Play.png; sourceTree = "<group>"; };
		686CC0011D1CBD4D00872043 /* Settings.png */ = {isa = PBXFileReference; lastKnownFileType = image.png; path = Settings.png; sourceTree = "<group>"; };
		686CC0021D1CBD4D00872043 /* Title.png */ = {isa = PBXFileReference; lastKnownFileType = image.png; path = Title.png; sourceTree = "<group>"; };
		686CC0031D1CBD4D00872043 /* Twiiter.png */ = {isa = PBXFileReference; lastKnownFileType = image.png; path = Twiiter.png; sourceTree = "<group>"; };
		686CC0101D1CBD7400872043 /* c1.png */ = {isa = PBXFileReference; lastKnownFileType = image.png; path = c1.png; sourceTree = "<group>"; };
		686CC0111D1CBD7400872043 /* c2.png */ = {isa = PBXFileReference; lastKnownFileType = image.png; path = c2.png; sourceTree = "<group>"; };
		686CC0121D1CBD7400872043 /* c3.png */ = {isa = PBXFileReference; lastKnownFileType = image.png; path = c3.png; sourceTree = "<group>"; };
		686CC0131D1CBD7400872043 /* c4.png */ = {isa = PBXFileReference; lastKnownFileType = image.png; path = c4.png; sourceTree = "<group>"; };
		686CC0141D1CBD7400872043 /* c5.png */ = {isa = PBXFileReference; lastKnownFileType = image.png; path = c5.png; sourceTree = "<group>"; };
		686CC0151D1CBD7400872043 /* c6.png */ = {isa = PBXFileReference; lastKnownFileType = image.png; path = c6.png; sourceTree = "<group>"; };
		686CC0161D1CBD7400872043 /* c7.png */ = {isa = PBXFileReference; lastKnownFileType = image.png; path = c7.png; sourceTree = "<group>"; };
		686CC0171D1CBD7400872043 /* c8.png */ = {isa = PBXFileReference; lastKnownFileType = image.png; path = c8.png; sourceTree = "<group>"; };
		686CC0181D1CBD7400872043 /* c9.png */ = {isa = PBXFileReference; lastKnownFileType = image.png; path = c9.png; sourceTree = "<group>"; };
		686CC0191D1CBD7400872043 /* c10.png */ = {isa = PBXFileReference; lastKnownFileType = image.png; path = c10.png; sourceTree = "<group>"; };
		686CC01A1D1CBD7400872043 /* c11.png */ = {isa = PBXFileReference; lastKnownFileType = image.png; path = c11.png; sourceTree = "<group>"; };
		686CC01B1D1CBD7400872043 /* c12.png */ = {isa = PBXFileReference; lastKnownFileType = image.png; path = c12.png; sourceTree = "<group>"; };
		686CC01C1D1CBD7400872043 /* c13.png */ = {isa = PBXFileReference; lastKnownFileType = image.png; path = c13.png; sourceTree = "<group>"; };
		686CC01D1D1CBD7400872043 /* c14.png */ = {isa = PBXFileReference; lastKnownFileType = image.png; path = c14.png; sourceTree = "<group>"; };
		686CC01E1D1CBD7400872043 /* c15.png */ = {isa = PBXFileReference; lastKnownFileType = image.png; path = c15.png; sourceTree = "<group>"; };
		686CC01F1D1CBD7400872043 /* c16.png */ = {isa = PBXFileReference; lastKnownFileType = image.png; path = c16.png; sourceTree = "<group>"; };
		686CC0201D1CBD7400872043 /* c17.png */ = {isa = PBXFileReference; lastKnownFileType = image.png; path = c17.png; sourceTree = "<group>"; };
		686CC0211D1CBD7400872043 /* c18.png */ = {isa = PBXFileReference; lastKnownFileType = image.png; path = c18.png; sourceTree = "<group>"; };
		686CC0221D1CBD7400872043 /* c19.png */ = {isa = PBXFileReference; lastKnownFileType = image.png; path = c19.png; sourceTree = "<group>"; };
		686CC0231D1CBD7400872043 /* c20.png */ = {isa = PBXFileReference; lastKnownFileType = image.png; path = c20.png; sourceTree = "<group>"; };
		686CC0241D1CBD7400872043 /* c21.png */ = {isa = PBXFileReference; lastKnownFileType = image.png; path = c21.png; sourceTree = "<group>"; };
		686CC0251D1CBD7400872043 /* c22.png */ = {isa = PBXFileReference; lastKnownFileType = image.png; path = c22.png; sourceTree = "<group>"; };
		686CC0261D1CBD7400872043 /* c23.png */ = {isa = PBXFileReference; lastKnownFileType = image.png; path = c23.png; sourceTree = "<group>"; };
		686CC0271D1CBD7400872043 /* c24.png */ = {isa = PBXFileReference; lastKnownFileType = image.png; path = c24.png; sourceTree = "<group>"; };
		686CC0281D1CBD7400872043 /* c25.png */ = {isa = PBXFileReference; lastKnownFileType = image.png; path = c25.png; sourceTree = "<group>"; };
		686CC0291D1CBD7400872043 /* c26.png */ = {isa = PBXFileReference; lastKnownFileType = image.png; path = c26.png; sourceTree = "<group>"; };
		686CC02A1D1CBD7400872043 /* c27.png */ = {isa = PBXFileReference; lastKnownFileType = image.png; path = c27.png; sourceTree = "<group>"; };
		686CC02B1D1CBD7400872043 /* c28.png */ = {isa = PBXFileReference; lastKnownFileType = image.png; path = c28.png; sourceTree = "<group>"; };
		686CC02C1D1CBD7400872043 /* c29.png */ = {isa = PBXFileReference; lastKnownFileType = image.png; path = c29.png; sourceTree = "<group>"; };
		686CC02D1D1CBD7400872043 /* c30.png */ = {isa = PBXFileReference; lastKnownFileType = image.png; path = c30.png; sourceTree = "<group>"; };
		686CC02E1D1CBD7400872043 /* c31.png */ = {isa = PBXFileReference; lastKnownFileType = image.png; path = c31.png; sourceTree = "<group>"; };
		686CC02F1D1CBD7400872043 /* c32.png */ = {isa = PBXFileReference; lastKnownFileType = image.png; path = c32.png; sourceTree = "<group>"; };
		686CC0301D1CBD7400872043 /* c33.png */ = {isa = PBXFileReference; lastKnownFileType = image.png; path = c33.png; sourceTree = "<group>"; };
		8BA1269B1D24A8410018945E /* BackButton.png */ = {isa = PBXFileReference; lastKnownFileType = image.png; path = BackButton.png; sourceTree = "<group>"; };
		8BF607231D2838FC00058600 /* FinalBackground.png */ = {isa = PBXFileReference; lastKnownFileType = image.png; path = FinalBackground.png; sourceTree = "<group>"; };
		8BF607251D283B1E00058600 /* Zackery Wilson - RIGHT Off The Bat(tle) [Final Fantasy IV]_165634314_soundcloud.mp3 */ = {isa = PBXFileReference; lastKnownFileType = audio.mp3; path = "Zackery Wilson - RIGHT Off The Bat(tle) [Final Fantasy IV]_165634314_soundcloud.mp3"; sourceTree = "<group>"; };
		A02417911D26F0280023F4A8 /* AudioManager.swift */ = {isa = PBXFileReference; fileEncoding = 4; lastKnownFileType = sourcecode.swift; path = AudioManager.swift; sourceTree = "<group>"; };
		A09A49691D236E3B002E8E4A /* settingsButton.png */ = {isa = PBXFileReference; lastKnownFileType = image.png; path = settingsButton.png; sourceTree = "<group>"; };
		A09A496A1D236E3B002E8E4A /* aboutButton.png */ = {isa = PBXFileReference; lastKnownFileType = image.png; path = aboutButton.png; sourceTree = "<group>"; };
		A09A496B1D236E3B002E8E4A /* playButton.png */ = {isa = PBXFileReference; lastKnownFileType = image.png; path = playButton.png; sourceTree = "<group>"; };
		A09D55231D1F9A3A002064A3 /* AboutViewController.swift */ = {isa = PBXFileReference; fileEncoding = 4; lastKnownFileType = sourcecode.swift; path = AboutViewController.swift; sourceTree = "<group>"; };
		A09D55241D1F9A3A002064A3 /* PlayViewController.swift */ = {isa = PBXFileReference; fileEncoding = 4; lastKnownFileType = sourcecode.swift; path = PlayViewController.swift; sourceTree = "<group>"; };
		A09D55251D1F9A3A002064A3 /* SettingsViewController.swift */ = {isa = PBXFileReference; fileEncoding = 4; lastKnownFileType = sourcecode.swift; path = SettingsViewController.swift; sourceTree = "<group>"; };
		A0B09E5F1D270FE8009AD37E /* SplashScreenViewController.swift */ = {isa = PBXFileReference; fileEncoding = 4; lastKnownFileType = sourcecode.swift; path = SplashScreenViewController.swift; sourceTree = "<group>"; };
		A0F2D7191D31B93F00B59CCE /* GameScene.swift */ = {isa = PBXFileReference; fileEncoding = 4; lastKnownFileType = sourcecode.swift; path = GameScene.swift; sourceTree = "<group>"; };
		A0F2D71D1D31BBEC00B59CCE /* GameScene.sks */ = {isa = PBXFileReference; lastKnownFileType = file.sks; path = GameScene.sks; sourceTree = "<group>"; };
/* End PBXFileReference section */

/* Begin PBXFrameworksBuildPhase section */
		6861DDA01D1C8E4600E8E4D8 /* Frameworks */ = {
			isa = PBXFrameworksBuildPhase;
			buildActionMask = 2147483647;
			files = (
			);
			runOnlyForDeploymentPostprocessing = 0;
		};
/* End PBXFrameworksBuildPhase section */

/* Begin PBXGroup section */
		6861DD9A1D1C8E4600E8E4D8 = {
			isa = PBXGroup;
			children = (
				6861DDA51D1C8E4600E8E4D8 /* High Five Fever */,
				6861DDA41D1C8E4600E8E4D8 /* Products */,
			);
			sourceTree = "<group>";
		};
		6861DDA41D1C8E4600E8E4D8 /* Products */ = {
			isa = PBXGroup;
			children = (
				6861DDA31D1C8E4600E8E4D8 /* High Five Fever.app */,
			);
			name = Products;
			sourceTree = "<group>";
		};
		6861DDA51D1C8E4600E8E4D8 /* High Five Fever */ = {
			isa = PBXGroup;
			children = (
				6861DDA61D1C8E4600E8E4D8 /* AppDelegate.swift */,
				A02417911D26F0280023F4A8 /* AudioManager.swift */,
				6861DDB81D1C8EC600E8E4D8 /* MenuViewController.swift */,
				A09D55231D1F9A3A002064A3 /* AboutViewController.swift */,
				A0F2D7191D31B93F00B59CCE /* GameScene.swift */,
				A0F2D71D1D31BBEC00B59CCE /* GameScene.sks */,
				A09D55241D1F9A3A002064A3 /* PlayViewController.swift */,
				A09D55251D1F9A3A002064A3 /* SettingsViewController.swift */,
				A0B09E5F1D270FE8009AD37E /* SplashScreenViewController.swift */,
				6861DDAA1D1C8E4600E8E4D8 /* Main.storyboard */,
				6861DDAD1D1C8E4600E8E4D8 /* Assets.xcassets */,
				A02417951D26F0E50023F4A8 /* Audio */,
				686CC00F1D1CBD5400872043 /* Images */,
				6861DDAF1D1C8E4700E8E4D8 /* LaunchScreen.storyboard */,
				6861DDB21D1C8E4700E8E4D8 /* Info.plist */,
			);
			path = "High Five Fever";
			sourceTree = "<group>";
		};
		686CC00F1D1CBD5400872043 /* Images */ = {
			isa = PBXGroup;
			children = (
				686CBFFE1D1CBD4D00872043 /* Hearts.png */,
				A09A49691D236E3B002E8E4A /* settingsButton.png */,
				A09A496B1D236E3B002E8E4A /* playButton.png */,
				686CBFF91D1CBD4D00872043 /* About.png */,
				686CBFFA1D1CBD4D00872043 /* background.png */,
				A09A496A1D236E3B002E8E4A /* aboutButton.png */,
				686CBFFB1D1CBD4D00872043 /* confetti.png */,
				686CBFFC1D1CBD4D00872043 /* fb.png */,
				8BF607231D2838FC00058600 /* FinalBackground.png */,
				8BA1269B1D24A8410018945E /* BackButton.png */,
				686CBFFD1D1CBD4D00872043 /* Glasses.png */,
				686CBFFF1D1CBD4D00872043 /* HighScore.png */,
				686CC0001D1CBD4D00872043 /* Play.png */,
				686CC0011D1CBD4D00872043 /* Settings.png */,
				686CC0021D1CBD4D00872043 /* Title.png */,
				686CC0031D1CBD4D00872043 /* Twiiter.png */,
				686CC0521D1CBD7900872043 /* logo */,
			);
			name = Images;
			sourceTree = "<group>";
		};
		686CC0521D1CBD7900872043 /* logo */ = {
			isa = PBXGroup;
			children = (
				686CC0101D1CBD7400872043 /* c1.png */,
				686CC0111D1CBD7400872043 /* c2.png */,
				686CC0121D1CBD7400872043 /* c3.png */,
				686CC0131D1CBD7400872043 /* c4.png */,
				686CC0141D1CBD7400872043 /* c5.png */,
				686CC0151D1CBD7400872043 /* c6.png */,
				686CC0161D1CBD7400872043 /* c7.png */,
				686CC0171D1CBD7400872043 /* c8.png */,
				686CC0181D1CBD7400872043 /* c9.png */,
				686CC0191D1CBD7400872043 /* c10.png */,
				686CC01A1D1CBD7400872043 /* c11.png */,
				686CC01B1D1CBD7400872043 /* c12.png */,
				686CC01C1D1CBD7400872043 /* c13.png */,
				686CC01D1D1CBD7400872043 /* c14.png */,
				686CC01E1D1CBD7400872043 /* c15.png */,
				686CC01F1D1CBD7400872043 /* c16.png */,
				686CC0201D1CBD7400872043 /* c17.png */,
				686CC0211D1CBD7400872043 /* c18.png */,
				686CC0221D1CBD7400872043 /* c19.png */,
				686CC0231D1CBD7400872043 /* c20.png */,
				686CC0241D1CBD7400872043 /* c21.png */,
				686CC0251D1CBD7400872043 /* c22.png */,
				686CC0261D1CBD7400872043 /* c23.png */,
				686CC0271D1CBD7400872043 /* c24.png */,
				686CC0281D1CBD7400872043 /* c25.png */,
				686CC0291D1CBD7400872043 /* c26.png */,
				686CC02A1D1CBD7400872043 /* c27.png */,
				686CC02B1D1CBD7400872043 /* c28.png */,
				686CC02C1D1CBD7400872043 /* c29.png */,
				686CC02D1D1CBD7400872043 /* c30.png */,
				686CC02E1D1CBD7400872043 /* c31.png */,
				686CC02F1D1CBD7400872043 /* c32.png */,
				686CC0301D1CBD7400872043 /* c33.png */,
			);
			name = logo;
			sourceTree = "<group>";
		};
		A02417951D26F0E50023F4A8 /* Audio */ = {
			isa = PBXGroup;
			children = (
				68516F8C1D385AA800B30174 /* Zackery Wilson - SELECT Tech Samba [Chrono Trigger]_169740465_soundcloud.mp3 */,
				8BF607251D283B1E00058600 /* Zackery Wilson - RIGHT Off The Bat(tle) [Final Fantasy IV]_165634314_soundcloud.mp3 */,
			);
			name = Audio;
			sourceTree = "<group>";
		};
/* End PBXGroup section */

/* Begin PBXNativeTarget section */
		6861DDA21D1C8E4600E8E4D8 /* High Five Fever */ = {
			isa = PBXNativeTarget;
			buildConfigurationList = 6861DDB51D1C8E4700E8E4D8 /* Build configuration list for PBXNativeTarget "High Five Fever" */;
			buildPhases = (
				6861DD9F1D1C8E4600E8E4D8 /* Sources */,
				6861DDA01D1C8E4600E8E4D8 /* Frameworks */,
				6861DDA11D1C8E4600E8E4D8 /* Resources */,
			);
			buildRules = (
			);
			dependencies = (
			);
			name = "High Five Fever";
			productName = "High Five Fever";
			productReference = 6861DDA31D1C8E4600E8E4D8 /* High Five Fever.app */;
			productType = "com.apple.product-type.application";
		};
/* End PBXNativeTarget section */

/* Begin PBXProject section */
		6861DD9B1D1C8E4600E8E4D8 /* Project object */ = {
			isa = PBXProject;
			attributes = {
				LastSwiftUpdateCheck = 0730;
				LastUpgradeCheck = 0730;
				ORGANIZATIONNAME = "Lunet Apps";
				TargetAttributes = {
					6861DDA21D1C8E4600E8E4D8 = {
						CreatedOnToolsVersion = 7.3.1;
					};
				};
			};
			buildConfigurationList = 6861DD9E1D1C8E4600E8E4D8 /* Build configuration list for PBXProject "High Five Fever" */;
			compatibilityVersion = "Xcode 3.2";
			developmentRegion = English;
			hasScannedForEncodings = 0;
			knownRegions = (
				en,
				Base,
			);
			mainGroup = 6861DD9A1D1C8E4600E8E4D8;
			productRefGroup = 6861DDA41D1C8E4600E8E4D8 /* Products */;
			projectDirPath = "";
			projectRoot = "";
			targets = (
				6861DDA21D1C8E4600E8E4D8 /* High Five Fever */,
			);
		};
/* End PBXProject section */

/* Begin PBXResourcesBuildPhase section */
		6861DDA11D1C8E4600E8E4D8 /* Resources */ = {
			isa = PBXResourcesBuildPhase;
			buildActionMask = 2147483647;
			files = (
				686CC04D1D1CBD7400872043 /* c29.png in Resources */,
				686CC0491D1CBD7400872043 /* c25.png in Resources */,
				686CC0411D1CBD7400872043 /* c17.png in Resources */,
				686CC03C1D1CBD7400872043 /* c12.png in Resources */,
				686CC0371D1CBD7400872043 /* c7.png in Resources */,
				686CC03F1D1CBD7400872043 /* c15.png in Resources */,
				686CC0311D1CBD7400872043 /* c1.png in Resources */,
				A09A496D1D236E3B002E8E4A /* aboutButton.png in Resources */,
				686CC0511D1CBD7400872043 /* c33.png in Resources */,
				686CC0081D1CBD4D00872043 /* Glasses.png in Resources */,
				686CC0451D1CBD7400872043 /* c21.png in Resources */,
				A0F2D71E1D31BBEC00B59CCE /* GameScene.sks in Resources */,
				686CC04F1D1CBD7400872043 /* c31.png in Resources */,
				686CC0421D1CBD7400872043 /* c18.png in Resources */,
				A09A496E1D236E3B002E8E4A /* playButton.png in Resources */,
				686CC04B1D1CBD7400872043 /* c27.png in Resources */,
				6861DDB11D1C8E4700E8E4D8 /* LaunchScreen.storyboard in Resources */,
				686CC0071D1CBD4D00872043 /* fb.png in Resources */,
				686CC0051D1CBD4D00872043 /* background.png in Resources */,
				686CC03A1D1CBD7400872043 /* c10.png in Resources */,
				68516F8D1D385AA800B30174 /* Zackery Wilson - SELECT Tech Samba [Chrono Trigger]_169740465_soundcloud.mp3 in Resources */,
				686CC0381D1CBD7400872043 /* c8.png in Resources */,
				8BA1269C1D24A8410018945E /* BackButton.png in Resources */,
				A09A496C1D236E3B002E8E4A /* settingsButton.png in Resources */,
				6861DDAE1D1C8E4600E8E4D8 /* Assets.xcassets in Resources */,
				6861DDAC1D1C8E4600E8E4D8 /* Main.storyboard in Resources */,
				686CC0331D1CBD7400872043 /* c3.png in Resources */,
				686CC00D1D1CBD4D00872043 /* Title.png in Resources */,
				686CC00A1D1CBD4D00872043 /* HighScore.png in Resources */,
				686CC0361D1CBD7400872043 /* c6.png in Resources */,
				686CC00E1D1CBD4D00872043 /* Twiiter.png in Resources */,
				686CC04A1D1CBD7400872043 /* c26.png in Resources */,
				686CC0441D1CBD7400872043 /* c20.png in Resources */,
				686CC0481D1CBD7400872043 /* c24.png in Resources */,
				8BF607241D2838FC00058600 /* FinalBackground.png in Resources */,
				686CC0041D1CBD4D00872043 /* About.png in Resources */,
				686CC0401D1CBD7400872043 /* c16.png in Resources */,
				686CC04C1D1CBD7400872043 /* c28.png in Resources */,
				686CC0341D1CBD7400872043 /* c4.png in Resources */,
				8BF607261D283B1E00058600 /* Zackery Wilson - RIGHT Off The Bat(tle) [Final Fantasy IV]_165634314_soundcloud.mp3 in Resources */,
				686CC0351D1CBD7400872043 /* c5.png in Resources */,
				686CC0501D1CBD7400872043 /* c32.png in Resources */,
				686CC00C1D1CBD4D00872043 /* Settings.png in Resources */,
				686CC0061D1CBD4D00872043 /* confetti.png in Resources */,
				686CC03D1D1CBD7400872043 /* c13.png in Resources */,
				686CC03E1D1CBD7400872043 /* c14.png in Resources */,
				686CC0471D1CBD7400872043 /* c23.png in Resources */,
				686CC04E1D1CBD7400872043 /* c30.png in Resources */,
				686CC0431D1CBD7400872043 /* c19.png in Resources */,
				686CC0391D1CBD7400872043 /* c9.png in Resources */,
				686CC00B1D1CBD4D00872043 /* Play.png in Resources */,
				686CC0321D1CBD7400872043 /* c2.png in Resources */,
				686CC0461D1CBD7400872043 /* c22.png in Resources */,
				686CC03B1D1CBD7400872043 /* c11.png in Resources */,
				686CC0091D1CBD4D00872043 /* Hearts.png in Resources */,
			);
			runOnlyForDeploymentPostprocessing = 0;
		};
/* End PBXResourcesBuildPhase section */

/* Begin PBXSourcesBuildPhase section */
		6861DD9F1D1C8E4600E8E4D8 /* Sources */ = {
			isa = PBXSourcesBuildPhase;
			buildActionMask = 2147483647;
			files = (
				A02417921D26F0280023F4A8 /* AudioManager.swift in Sources */,
				A09D55271D1F9A3A002064A3 /* PlayViewController.swift in Sources */,
				A0F2D71A1D31B93F00B59CCE /* GameScene.swift in Sources */,
				A0B09E601D270FE8009AD37E /* SplashScreenViewController.swift in Sources */,
				A09D55261D1F9A3A002064A3 /* AboutViewController.swift in Sources */,
				6861DDA71D1C8E4600E8E4D8 /* AppDelegate.swift in Sources */,
				A09D55281D1F9A3A002064A3 /* SettingsViewController.swift in Sources */,
				6861DDB91D1C8EC600E8E4D8 /* MenuViewController.swift in Sources */,
			);
			runOnlyForDeploymentPostprocessing = 0;
		};
/* End PBXSourcesBuildPhase section */

/* Begin PBXVariantGroup section */
		6861DDAA1D1C8E4600E8E4D8 /* Main.storyboard */ = {
			isa = PBXVariantGroup;
			children = (
				6861DDAB1D1C8E4600E8E4D8 /* Base */,
			);
			name = Main.storyboard;
			sourceTree = "<group>";
		};
		6861DDAF1D1C8E4700E8E4D8 /* LaunchScreen.storyboard */ = {
			isa = PBXVariantGroup;
			children = (
				6861DDB01D1C8E4700E8E4D8 /* Base */,
			);
			name = LaunchScreen.storyboard;
			sourceTree = "<group>";
		};
/* End PBXVariantGroup section */

/* Begin XCBuildConfiguration section */
		6861DDB31D1C8E4700E8E4D8 /* Debug */ = {
			isa = XCBuildConfiguration;
			buildSettings = {
				ALWAYS_SEARCH_USER_PATHS = NO;
				CLANG_ANALYZER_NONNULL = YES;
				CLANG_CXX_LANGUAGE_STANDARD = "gnu++0x";
				CLANG_CXX_LIBRARY = "libc++";
				CLANG_ENABLE_MODULES = YES;
				CLANG_ENABLE_OBJC_ARC = YES;
				CLANG_WARN_BOOL_CONVERSION = YES;
				CLANG_WARN_CONSTANT_CONVERSION = YES;
				CLANG_WARN_DIRECT_OBJC_ISA_USAGE = YES_ERROR;
				CLANG_WARN_EMPTY_BODY = YES;
				CLANG_WARN_ENUM_CONVERSION = YES;
				CLANG_WARN_INT_CONVERSION = YES;
				CLANG_WARN_OBJC_ROOT_CLASS = YES_ERROR;
				CLANG_WARN_UNREACHABLE_CODE = YES;
				CLANG_WARN__DUPLICATE_METHOD_MATCH = YES;
				"CODE_SIGN_IDENTITY[sdk=iphoneos*]" = "iPhone Developer";
				COPY_PHASE_STRIP = NO;
				DEBUG_INFORMATION_FORMAT = dwarf;
				ENABLE_STRICT_OBJC_MSGSEND = YES;
				ENABLE_TESTABILITY = YES;
				GCC_C_LANGUAGE_STANDARD = gnu99;
				GCC_DYNAMIC_NO_PIC = NO;
				GCC_NO_COMMON_BLOCKS = YES;
				GCC_OPTIMIZATION_LEVEL = 0;
				GCC_PREPROCESSOR_DEFINITIONS = (
					"DEBUG=1",
					"$(inherited)",
				);
				GCC_WARN_64_TO_32_BIT_CONVERSION = YES;
				GCC_WARN_ABOUT_RETURN_TYPE = YES_ERROR;
				GCC_WARN_UNDECLARED_SELECTOR = YES;
				GCC_WARN_UNINITIALIZED_AUTOS = YES_AGGRESSIVE;
				GCC_WARN_UNUSED_FUNCTION = YES;
				GCC_WARN_UNUSED_VARIABLE = YES;
				IPHONEOS_DEPLOYMENT_TARGET = 9.3;
				MTL_ENABLE_DEBUG_INFO = YES;
				ONLY_ACTIVE_ARCH = YES;
				SDKROOT = iphoneos;
				SWIFT_OPTIMIZATION_LEVEL = "-Onone";
			};
			name = Debug;
		};
		6861DDB41D1C8E4700E8E4D8 /* Release */ = {
			isa = XCBuildConfiguration;
			buildSettings = {
				ALWAYS_SEARCH_USER_PATHS = NO;
				CLANG_ANALYZER_NONNULL = YES;
				CLANG_CXX_LANGUAGE_STANDARD = "gnu++0x";
				CLANG_CXX_LIBRARY = "libc++";
				CLANG_ENABLE_MODULES = YES;
				CLANG_ENABLE_OBJC_ARC = YES;
				CLANG_WARN_BOOL_CONVERSION = YES;
				CLANG_WARN_CONSTANT_CONVERSION = YES;
				CLANG_WARN_DIRECT_OBJC_ISA_USAGE = YES_ERROR;
				CLANG_WARN_EMPTY_BODY = YES;
				CLANG_WARN_ENUM_CONVERSION = YES;
				CLANG_WARN_INT_CONVERSION = YES;
				CLANG_WARN_OBJC_ROOT_CLASS = YES_ERROR;
				CLANG_WARN_UNREACHABLE_CODE = YES;
				CLANG_WARN__DUPLICATE_METHOD_MATCH = YES;
				"CODE_SIGN_IDENTITY[sdk=iphoneos*]" = "iPhone Developer";
				COPY_PHASE_STRIP = NO;
				DEBUG_INFORMATION_FORMAT = "dwarf-with-dsym";
				ENABLE_NS_ASSERTIONS = NO;
				ENABLE_STRICT_OBJC_MSGSEND = YES;
				GCC_C_LANGUAGE_STANDARD = gnu99;
				GCC_NO_COMMON_BLOCKS = YES;
				GCC_WARN_64_TO_32_BIT_CONVERSION = YES;
				GCC_WARN_ABOUT_RETURN_TYPE = YES_ERROR;
				GCC_WARN_UNDECLARED_SELECTOR = YES;
				GCC_WARN_UNINITIALIZED_AUTOS = YES_AGGRESSIVE;
				GCC_WARN_UNUSED_FUNCTION = YES;
				GCC_WARN_UNUSED_VARIABLE = YES;
				IPHONEOS_DEPLOYMENT_TARGET = 9.3;
				MTL_ENABLE_DEBUG_INFO = NO;
				SDKROOT = iphoneos;
				VALIDATE_PRODUCT = YES;
			};
			name = Release;
		};
		6861DDB61D1C8E4700E8E4D8 /* Debug */ = {
			isa = XCBuildConfiguration;
			buildSettings = {
				ASSETCATALOG_COMPILER_APPICON_NAME = AppIcon;
				CODE_SIGN_IDENTITY = "iPhone Developer";
				"CODE_SIGN_IDENTITY[sdk=iphoneos*]" = "iPhone Developer";
				INFOPLIST_FILE = "High Five Fever/Info.plist";
				LD_RUNPATH_SEARCH_PATHS = "$(inherited) @executable_path/Frameworks";
				PRODUCT_BUNDLE_IDENTIFIER = "com.lunetapps.High-Five-Fever";
				PRODUCT_NAME = "$(TARGET_NAME)";
				PROVISIONING_PROFILE = "";
			};
			name = Debug;
		};
		6861DDB71D1C8E4700E8E4D8 /* Release */ = {
			isa = XCBuildConfiguration;
			buildSettings = {
				ASSETCATALOG_COMPILER_APPICON_NAME = AppIcon;
				CODE_SIGN_IDENTITY = "iPhone Developer";
				"CODE_SIGN_IDENTITY[sdk=iphoneos*]" = "iPhone Developer";
				INFOPLIST_FILE = "High Five Fever/Info.plist";
				LD_RUNPATH_SEARCH_PATHS = "$(inherited) @executable_path/Frameworks";
				PRODUCT_BUNDLE_IDENTIFIER = "com.lunetapps.High-Five-Fever";
				PRODUCT_NAME = "$(TARGET_NAME)";
				PROVISIONING_PROFILE = "";
			};
			name = Release;
		};
/* End XCBuildConfiguration section */

/* Begin XCConfigurationList section */
		6861DD9E1D1C8E4600E8E4D8 /* Build configuration list for PBXProject "High Five Fever" */ = {
			isa = XCConfigurationList;
			buildConfigurations = (
				6861DDB31D1C8E4700E8E4D8 /* Debug */,
				6861DDB41D1C8E4700E8E4D8 /* Release */,
			);
			defaultConfigurationIsVisible = 0;
			defaultConfigurationName = Release;
		};
		6861DDB51D1C8E4700E8E4D8 /* Build configuration list for PBXNativeTarget "High Five Fever" */ = {
			isa = XCConfigurationList;
			buildConfigurations = (
				6861DDB61D1C8E4700E8E4D8 /* Debug */,
				6861DDB71D1C8E4700E8E4D8 /* Release */,
			);
			defaultConfigurationIsVisible = 0;
			defaultConfigurationName = Release;
		};
/* End XCConfigurationList section */
	};
	rootObject = 6861DD9B1D1C8E4600E8E4D8 /* Project object */;
}
